
Microsoft Visual Studio Solution File, Format Version 12.00
# Visual Studio Version 16
VisualStudioVersion = 16.0.30309.148
MinimumVisualStudioVersion = 10.0.40219.1
Project("{9A19103F-16F7-4668-BE54-9A1E7A4F7556}") = "Licenses-Generator-Demo", "Licenses-Generator-Demo\Licenses-Generator-Demo.csproj", "{4AE2FC95-1C96-483F-98FD-475937C60583}"
EndProject
Project("{FAE04EC0-301F-11D3-BF4B-00C04F79EFBC}") = "Licenses_Generator_DBFirst", "C:\Users\M.Soliman\Documents\LLBLGen Pro\v5.7\Projects\Licenses_Generator_DBFirst\DatabaseGeneric\Licenses_Generator_DBFirst.csproj", "{A0964955-F78E-40BA-8833-A1015F65DE65}"
EndProject
Project("{FAE04EC0-301F-11D3-BF4B-00C04F79EFBC}") = "Licenses_Generator_DBFirstDBSpecific", "C:\Users\M.Soliman\Documents\LLBLGen Pro\v5.7\Projects\Licenses_Generator_DBFirst\DatabaseSpecific\Licenses_Generator_DBFirstDBSpecific.csproj", "{7906C4C8-9C34-4195-90BB-E7AC0C55FE5B}"
EndProject
Global
	GlobalSection(SolutionConfigurationPlatforms) = preSolution
		Debug|Any CPU = Debug|Any CPU
		Release|Any CPU = Release|Any CPU
	EndGlobalSection
	GlobalSection(ProjectConfigurationPlatforms) = postSolution
		{4AE2FC95-1C96-483F-98FD-475937C60583}.Debug|Any CPU.ActiveCfg = Debug|Any CPU
		{4AE2FC95-1C96-483F-98FD-475937C60583}.Debug|Any CPU.Build.0 = Debug|Any CPU
		{4AE2FC95-1C96-483F-98FD-475937C60583}.Release|Any CPU.ActiveCfg = Release|Any CPU
		{4AE2FC95-1C96-483F-98FD-475937C60583}.Release|Any CPU.Build.0 = Release|Any CPU
		{A0964955-F78E-40BA-8833-A1015F65DE65}.Debug|Any CPU.ActiveCfg = Debug|Any CPU
		{A0964955-F78E-40BA-8833-A1015F65DE65}.Debug|Any CPU.Build.0 = Debug|Any CPU
		{A0964955-F78E-40BA-8833-A1015F65DE65}.Release|Any CPU.ActiveCfg = Release|Any CPU
		{A0964955-F78E-40BA-8833-A1015F65DE65}.Release|Any CPU.Build.0 = Release|Any CPU
		{7906C4C8-9C34-4195-90BB-E7AC0C55FE5B}.Debug|Any CPU.ActiveCfg = Debug|Any CPU
		{7906C4C8-9C34-4195-90BB-E7AC0C55FE5B}.Debug|Any CPU.Build.0 = Debug|Any CPU
		{7906C4C8-9C34-4195-90BB-E7AC0C55FE5B}.Release|Any CPU.ActiveCfg = Release|Any CPU
		{7906C4C8-9C34-4195-90BB-E7AC0C55FE5B}.Release|Any CPU.Build.0 = Release|Any CPU
	EndGlobalSection
	GlobalSection(SolutionProperties) = preSolution
		HideSolutionNode = FALSE
	EndGlobalSection
	GlobalSection(ExtensibilityGlobals) = postSolution
		SolutionGuid = {21039A3B-BB4C-4E26-B6B2-85949C7EA380}
	EndGlobalSection
EndGlobal
